// !$*UTF8*$!
{
	archiveVersion = 1;
	classes = {
	};
	objectVersion = 56;
	objects = {

/* Begin PBXBuildFile section */
		AA000001 /* TWNIApp.swift in Sources */ = {isa = PBXBuildFile; fileRef = AB000001 /* TWNIApp.swift */; };
		AA000002 /* ContentView.swift in Sources */ = {isa = PBXBuildFile; fileRef = AB000002 /* ContentView.swift */; };
		AA000003 /* ScreenSession.swift in Sources */ = {isa = PBXBuildFile; fileRef = AB000003 /* ScreenSession.swift */; };
		AA000004 /* BreakRecord.swift in Sources */ = {isa = PBXBuildFile; fileRef = AB000004 /* BreakRecord.swift */; };
		AA000005 /* DailySummary.swift in Sources */ = {isa = PBXBuildFile; fileRef = AB000005 /* DailySummary.swift */; };
		AA000006 /* TimerManager.swift in Sources */ = {isa = PBXBuildFile; fileRef = AB000006 /* TimerManager.swift */; };
		AA000007 /* NotificationService.swift in Sources */ = {isa = PBXBuildFile; fileRef = AB000007 /* NotificationService.swift */; };
		AA000008 /* ScreenTimeProtocol.swift in Sources */ = {isa = PBXBuildFile; fileRef = AB000008 /* ScreenTimeProtocol.swift */; };
		AA000009 /* DashboardView.swift in Sources */ = {isa = PBXBuildFile; fileRef = AB000009 /* DashboardView.swift */; };
		AA000010 /* BreakOverlayView.swift in Sources */ = {isa = PBXBuildFile; fileRef = AB000010 /* BreakOverlayView.swift */; };
		AA000011 /* StatsView.swift in Sources */ = {isa = PBXBuildFile; fileRef = AB000011 /* StatsView.swift */; };
		AA000012 /* SettingsView.swift in Sources */ = {isa = PBXBuildFile; fileRef = AB000012 /* SettingsView.swift */; };
		AA000013 /* iOSScreenTimeService.swift in Sources */ = {isa = PBXBuildFile; fileRef = AB000013 /* iOSScreenTimeService.swift */; };
		AA000014 /* MacActivityDetector.swift in Sources */ = {isa = PBXBuildFile; fileRef = AB000014 /* MacActivityDetector.swift */; };
		AA000015 /* MenuBarView.swift in Sources */ = {isa = PBXBuildFile; fileRef = AB000015 /* MenuBarView.swift */; };
		AA000016 /* MacScreenTimeReader.swift in Sources */ = {isa = PBXBuildFile; fileRef = AB000016 /* MacScreenTimeReader.swift */; };
		AA000017 /* TimeFormatting.swift in Sources */ = {isa = PBXBuildFile; fileRef = AB000017 /* TimeFormatting.swift */; };
		AA000018 /* Assets.xcassets in Resources */ = {isa = PBXBuildFile; fileRef = AB000018 /* Assets.xcassets */; };
		AA000019 /* AppBlockingService.swift in Sources */ = {isa = PBXBuildFile; fileRef = AB000020 /* AppBlockingService.swift */; };
		AA000020 /* Color+Extensions.swift in Sources */ = {isa = PBXBuildFile; fileRef = AB000021 /* Color+Extensions.swift */; };
		AA000021 /* MotionLinesView.swift in Sources */ = {isa = PBXBuildFile; fileRef = AB000022 /* MotionLinesView.swift */; };
		AA000022 /* MonochromeCardModifier.swift in Sources */ = {isa = PBXBuildFile; fileRef = AB000023 /* MonochromeCardModifier.swift */; };
		AA000023 /* SharedConstants.swift in Sources */ = {isa = PBXBuildFile; fileRef = AB000024 /* SharedConstants.swift */; };
		AA000024 /* SharedDefaults.swift in Sources */ = {isa = PBXBuildFile; fileRef = AB000025 /* SharedDefaults.swift */; };
		AA000025 /* ScheduleModels.swift in Sources */ = {isa = PBXBuildFile; fileRef = AB000026 /* ScheduleModels.swift */; };
		AA000026 /* DeviceActivityMonitorExtension.swift in Sources */ = {isa = PBXBuildFile; fileRef = AB000027 /* DeviceActivityMonitorExtension.swift */; };
		AA000027 /* SharedConstants.swift in Sources */ = {isa = PBXBuildFile; fileRef = AB000024 /* SharedConstants.swift */; };
		AA000028 /* SharedDefaults.swift in Sources */ = {isa = PBXBuildFile; fileRef = AB000025 /* SharedDefaults.swift */; };
		AA000029 /* ScheduleModels.swift in Sources */ = {isa = PBXBuildFile; fileRef = AB000026 /* ScheduleModels.swift */; };
		AA000030 /* ShieldConfigurationExtension.swift in Sources */ = {isa = PBXBuildFile; fileRef = AB000030 /* ShieldConfigurationExtension.swift */; };
		AA000031 /* SharedConstants.swift in Sources */ = {isa = PBXBuildFile; fileRef = AB000024 /* SharedConstants.swift */; };
		AA000032 /* SharedDefaults.swift in Sources */ = {isa = PBXBuildFile; fileRef = AB000025 /* SharedDefaults.swift */; };
		AA000033 /* ScheduleModels.swift in Sources */ = {isa = PBXBuildFile; fileRef = AB000026 /* ScheduleModels.swift */; };
		AA000034 /* TWNIDeviceActivityMonitor.appex in Embed App Extensions */ = {isa = PBXBuildFile; fileRef = AC000002 /* TWNIDeviceActivityMonitor.appex */; platformFilter = ios; settings = {ATTRIBUTES = (RemoveHeadersOnCopy, ); }; };
		AA000035 /* TWNIShieldConfiguration.appex in Embed App Extensions */ = {isa = PBXBuildFile; fileRef = AC000003 /* TWNIShieldConfiguration.appex */; platformFilter = ios; settings = {ATTRIBUTES = (RemoveHeadersOnCopy, ); }; };
		AA000036 /* SchedulesView.swift in Sources */ = {isa = PBXBuildFile; fileRef = AB000033 /* SchedulesView.swift */; };
/* End PBXBuildFile section */

/* Begin PBXContainerItemProxy section */
		B3000001 /* PBXContainerItemProxy */ = {
			isa = PBXContainerItemProxy;
			containerPortal = B0000001 /* Project object */;
			proxyType = 1;
			remoteGlobalIDString = AF000004;
			remoteInfo = TWNIDeviceActivityMonitor;
		};
		B3000002 /* PBXContainerItemProxy */ = {
			isa = PBXContainerItemProxy;
			containerPortal = B0000001 /* Project object */;
			proxyType = 1;
			remoteGlobalIDString = AF000007;
			remoteInfo = TWNIShieldConfiguration;
		};
/* End PBXContainerItemProxy section */

/* Begin PBXCopyFilesBuildPhase section */
		AF000010 /* Embed App Extensions */ = {
			isa = PBXCopyFilesBuildPhase;
			buildActionMask = 2147483647;
			dstPath = "";
			dstSubfolderSpec = 13;
			files = (
				AA000034 /* TWNIDeviceActivityMonitor.appex in Embed App Extensions */,
				AA000035 /* TWNIShieldConfiguration.appex in Embed App Extensions */,
			);
			name = "Embed App Extensions";
			runOnlyForDeploymentPostprocessing = 0;
		};
/* End PBXCopyFilesBuildPhase section */

/* Begin PBXFileReference section */
		AB000001 /* TWNIApp.swift */ = {isa = PBXFileReference; lastKnownFileType = sourcecode.swift; path = TWNIApp.swift; sourceTree = "<group>"; };
		AB000002 /* ContentView.swift */ = {isa = PBXFileReference; lastKnownFileType = sourcecode.swift; path = ContentView.swift; sourceTree = "<group>"; };
		AB000003 /* ScreenSession.swift */ = {isa = PBXFileReference; lastKnownFileType = sourcecode.swift; path = ScreenSession.swift; sourceTree = "<group>"; };
		AB000004 /* BreakRecord.swift */ = {isa = PBXFileReference; lastKnownFileType = sourcecode.swift; path = BreakRecord.swift; sourceTree = "<group>"; };
		AB000005 /* DailySummary.swift */ = {isa = PBXFileReference; lastKnownFileType = sourcecode.swift; path = DailySummary.swift; sourceTree = "<group>"; };
		AB000006 /* TimerManager.swift */ = {isa = PBXFileReference; lastKnownFileType = sourcecode.swift; path = TimerManager.swift; sourceTree = "<group>"; };
		AB000007 /* NotificationService.swift */ = {isa = PBXFileReference; lastKnownFileType = sourcecode.swift; path = NotificationService.swift; sourceTree = "<group>"; };
		AB000008 /* ScreenTimeProtocol.swift */ = {isa = PBXFileReference; lastKnownFileType = sourcecode.swift; path = ScreenTimeProtocol.swift; sourceTree = "<group>"; };
		AB000009 /* DashboardView.swift */ = {isa = PBXFileReference; lastKnownFileType = sourcecode.swift; path = DashboardView.swift; sourceTree = "<group>"; };
		AB000010 /* BreakOverlayView.swift */ = {isa = PBXFileReference; lastKnownFileType = sourcecode.swift; path = BreakOverlayView.swift; sourceTree = "<group>"; };
		AB000011 /* StatsView.swift */ = {isa = PBXFileReference; lastKnownFileType = sourcecode.swift; path = StatsView.swift; sourceTree = "<group>"; };
		AB000012 /* SettingsView.swift */ = {isa = PBXFileReference; lastKnownFileType = sourcecode.swift; path = SettingsView.swift; sourceTree = "<group>"; };
		AB000013 /* iOSScreenTimeService.swift */ = {isa = PBXFileReference; lastKnownFileType = sourcecode.swift; path = iOSScreenTimeService.swift; sourceTree = "<group>"; };
		AB000014 /* MacActivityDetector.swift */ = {isa = PBXFileReference; lastKnownFileType = sourcecode.swift; path = MacActivityDetector.swift; sourceTree = "<group>"; };
		AB000015 /* MenuBarView.swift */ = {isa = PBXFileReference; lastKnownFileType = sourcecode.swift; path = MenuBarView.swift; sourceTree = "<group>"; };
		AB000016 /* MacScreenTimeReader.swift */ = {isa = PBXFileReference; lastKnownFileType = sourcecode.swift; path = MacScreenTimeReader.swift; sourceTree = "<group>"; };
		AB000017 /* TimeFormatting.swift */ = {isa = PBXFileReference; lastKnownFileType = sourcecode.swift; path = TimeFormatting.swift; sourceTree = "<group>"; };
		AB000018 /* Assets.xcassets */ = {isa = PBXFileReference; lastKnownFileType = folder.assetcatalog; path = Assets.xcassets; sourceTree = "<group>"; };
		AB000019 /* TWNI.entitlements */ = {isa = PBXFileReference; lastKnownFileType = text.plist.entitlements; path = TWNI.entitlements; sourceTree = "<group>"; };
		AB000020 /* AppBlockingService.swift */ = {isa = PBXFileReference; lastKnownFileType = sourcecode.swift; path = AppBlockingService.swift; sourceTree = "<group>"; };
		AB000021 /* Color+Extensions.swift */ = {isa = PBXFileReference; lastKnownFileType = sourcecode.swift; path = "Color+Extensions.swift"; sourceTree = "<group>"; };
		AB000022 /* MotionLinesView.swift */ = {isa = PBXFileReference; lastKnownFileType = sourcecode.swift; path = MotionLinesView.swift; sourceTree = "<group>"; };
		AB000023 /* MonochromeCardModifier.swift */ = {isa = PBXFileReference; lastKnownFileType = sourcecode.swift; path = MonochromeCardModifier.swift; sourceTree = "<group>"; };
		AB000024 /* SharedConstants.swift */ = {isa = PBXFileReference; lastKnownFileType = sourcecode.swift; path = SharedConstants.swift; sourceTree = "<group>"; };
		AB000025 /* SharedDefaults.swift */ = {isa = PBXFileReference; lastKnownFileType = sourcecode.swift; path = SharedDefaults.swift; sourceTree = "<group>"; };
		AB000026 /* ScheduleModels.swift */ = {isa = PBXFileReference; lastKnownFileType = sourcecode.swift; path = ScheduleModels.swift; sourceTree = "<group>"; };
		AB000027 /* DeviceActivityMonitorExtension.swift */ = {isa = PBXFileReference; lastKnownFileType = sourcecode.swift; path = DeviceActivityMonitorExtension.swift; sourceTree = "<group>"; };
		AB000028 /* TWNIDeviceActivityMonitor.entitlements */ = {isa = PBXFileReference; lastKnownFileType = text.plist.entitlements; path = TWNIDeviceActivityMonitor.entitlements; sourceTree = "<group>"; };
		AB000029 /* Info.plist */ = {isa = PBXFileReference; lastKnownFileType = text.plist.xml; path = Info.plist; sourceTree = "<group>"; };
		AB000030 /* ShieldConfigurationExtension.swift */ = {isa = PBXFileReference; lastKnownFileType = sourcecode.swift; path = ShieldConfigurationExtension.swift; sourceTree = "<group>"; };
		AB000031 /* TWNIShieldConfiguration.entitlements */ = {isa = PBXFileReference; lastKnownFileType = text.plist.entitlements; path = TWNIShieldConfiguration.entitlements; sourceTree = "<group>"; };
		AB000032 /* Info.plist */ = {isa = PBXFileReference; lastKnownFileType = text.plist.xml; path = Info.plist; sourceTree = "<group>"; };
		AB000033 /* SchedulesView.swift */ = {isa = PBXFileReference; lastKnownFileType = sourcecode.swift; path = SchedulesView.swift; sourceTree = "<group>"; };
		AC000001 /* TWNI.app */ = {isa = PBXFileReference; explicitFileType = wrapper.application; includeInIndex = 0; path = TWNI.app; sourceTree = BUILT_PRODUCTS_DIR; };
		AC000002 /* TWNIDeviceActivityMonitor.appex */ = {isa = PBXFileReference; explicitFileType = "wrapper.app-extension"; includeInIndex = 0; path = TWNIDeviceActivityMonitor.appex; sourceTree = BUILT_PRODUCTS_DIR; };
		AC000003 /* TWNIShieldConfiguration.appex */ = {isa = PBXFileReference; explicitFileType = "wrapper.app-extension"; includeInIndex = 0; path = TWNIShieldConfiguration.appex; sourceTree = BUILT_PRODUCTS_DIR; };
/* End PBXFileReference section */

/* Begin PBXFrameworksBuildPhase section */
		AD000001 /* Frameworks */ = {
			isa = PBXFrameworksBuildPhase;
			buildActionMask = 2147483647;
			files = (
			);
			runOnlyForDeploymentPostprocessing = 0;
		};
		AD000002 /* Frameworks */ = {
			isa = PBXFrameworksBuildPhase;
			buildActionMask = 2147483647;
			files = (
			);
			runOnlyForDeploymentPostprocessing = 0;
		};
		AD000003 /* Frameworks */ = {
			isa = PBXFrameworksBuildPhase;
			buildActionMask = 2147483647;
			files = (
			);
			runOnlyForDeploymentPostprocessing = 0;
		};
/* End PBXFrameworksBuildPhase section */

/* Begin PBXGroup section */
		AE000001 = {
			isa = PBXGroup;
			children = (
				AE000002 /* TWNI */,
				AE000013 /* TWNIDeviceActivityMonitor */,
				AE000014 /* TWNIShieldConfiguration */,
				AE000010 /* Products */,
			);
			sourceTree = "<group>";
		};
		AE000002 /* TWNI */ = {
			isa = PBXGroup;
			children = (
				AB000001 /* TWNIApp.swift */,
				AB000002 /* ContentView.swift */,
				AE000003 /* Models */,
				AE000004 /* Services */,
				AE000005 /* Views */,
				AE000011 /* Components */,
				AE000006 /* Platform */,
				AE000009 /* Extensions */,
				AE000012 /* Shared */,
				AB000018 /* Assets.xcassets */,
				AB000019 /* TWNI.entitlements */,
			);
			path = TWNI;
			sourceTree = "<group>";
		};
		AE000003 /* Models */ = {
			isa = PBXGroup;
			children = (
				AB000003 /* ScreenSession.swift */,
				AB000004 /* BreakRecord.swift */,
				AB000005 /* DailySummary.swift */,
			);
			path = Models;
			sourceTree = "<group>";
		};
		AE000004 /* Services */ = {
			isa = PBXGroup;
			children = (
				AB000006 /* TimerManager.swift */,
				AB000007 /* NotificationService.swift */,
				AB000008 /* ScreenTimeProtocol.swift */,
			);
			path = Services;
			sourceTree = "<group>";
		};
		AE000005 /* Views */ = {
			isa = PBXGroup;
			children = (
				AB000009 /* DashboardView.swift */,
				AB000010 /* BreakOverlayView.swift */,
				AB000011 /* StatsView.swift */,
				AB000012 /* SettingsView.swift */,
				AB000033 /* SchedulesView.swift */,
			);
			path = Views;
			sourceTree = "<group>";
		};
		AE000006 /* Platform */ = {
			isa = PBXGroup;
			children = (
				AE000007 /* iOS */,
				AE000008 /* macOS */,
			);
			path = Platform;
			sourceTree = "<group>";
		};
		AE000007 /* iOS */ = {
			isa = PBXGroup;
			children = (
				AB000013 /* iOSScreenTimeService.swift */,
				AB000020 /* AppBlockingService.swift */,
			);
			path = iOS;
			sourceTree = "<group>";
		};
		AE000008 /* macOS */ = {
			isa = PBXGroup;
			children = (
				AB000014 /* MacActivityDetector.swift */,
				AB000015 /* MenuBarView.swift */,
				AB000016 /* MacScreenTimeReader.swift */,
			);
			path = macOS;
			sourceTree = "<group>";
		};
		AE000009 /* Extensions */ = {
			isa = PBXGroup;
			children = (
				AB000017 /* TimeFormatting.swift */,
				AB000021 /* Color+Extensions.swift */,
			);
			path = Extensions;
			sourceTree = "<group>";
		};
		AE000010 /* Products */ = {
			isa = PBXGroup;
			children = (
				AC000001 /* TWNI.app */,
				AC000002 /* TWNIDeviceActivityMonitor.appex */,
				AC000003 /* TWNIShieldConfiguration.appex */,
			);
			name = Products;
			sourceTree = "<group>";
		};
		AE000011 /* Components */ = {
			isa = PBXGroup;
			children = (
				AB000022 /* MotionLinesView.swift */,
				AB000023 /* MonochromeCardModifier.swift */,
			);
			path = Components;
			sourceTree = "<group>";
		};
		AE000012 /* Shared */ = {
			isa = PBXGroup;
			children = (
				AB000024 /* SharedConstants.swift */,
				AB000025 /* SharedDefaults.swift */,
				AB000026 /* ScheduleModels.swift */,
			);
			path = Shared;
			sourceTree = "<group>";
		};
		AE000013 /* TWNIDeviceActivityMonitor */ = {
			isa = PBXGroup;
			children = (
				AB000027 /* DeviceActivityMonitorExtension.swift */,
				AB000029 /* Info.plist */,
				AB000028 /* TWNIDeviceActivityMonitor.entitlements */,
			);
			path = TWNIDeviceActivityMonitor;
			sourceTree = "<group>";
		};
		AE000014 /* TWNIShieldConfiguration */ = {
			isa = PBXGroup;
			children = (
				AB000030 /* ShieldConfigurationExtension.swift */,
				AB000032 /* Info.plist */,
				AB000031 /* TWNIShieldConfiguration.entitlements */,
			);
			path = TWNIShieldConfiguration;
			sourceTree = "<group>";
		};
/* End PBXGroup section */

/* Begin PBXNativeTarget section */
		AF000001 /* TWNI */ = {
			isa = PBXNativeTarget;
			buildConfigurationList = B1000001 /* Build configuration list for PBXNativeTarget "TWNI" */;
			buildPhases = (
				AF000002 /* Sources */,
				AD000001 /* Frameworks */,
				AF000003 /* Resources */,
				AF000010 /* Embed App Extensions */,
			);
			buildRules = (
			);
			dependencies = (
				B4000001 /* PBXTargetDependency */,
				B4000002 /* PBXTargetDependency */,
			);
			name = TWNI;
			productName = TWNI;
			productReference = AC000001 /* TWNI.app */;
			productType = "com.apple.product-type.application";
		};
		AF000004 /* TWNIDeviceActivityMonitor */ = {
			isa = PBXNativeTarget;
			buildConfigurationList = B1000004 /* Build configuration list for PBXNativeTarget "TWNIDeviceActivityMonitor" */;
			buildPhases = (
				AF000005 /* Sources */,
				AD000002 /* Frameworks */,
				AF000006 /* Resources */,
			);
			buildRules = (
			);
			dependencies = (
			);
			name = TWNIDeviceActivityMonitor;
			productName = TWNIDeviceActivityMonitor;
			productReference = AC000002 /* TWNIDeviceActivityMonitor.appex */;
			productType = "com.apple.product-type.app-extension";
		};
		AF000007 /* TWNIShieldConfiguration */ = {
			isa = PBXNativeTarget;
			buildConfigurationList = B1000005 /* Build configuration list for PBXNativeTarget "TWNIShieldConfiguration" */;
			buildPhases = (
				AF000008 /* Sources */,
				AD000003 /* Frameworks */,
				AF000009 /* Resources */,
			);
			buildRules = (
			);
			dependencies = (
			);
			name = TWNIShieldConfiguration;
			productName = TWNIShieldConfiguration;
			productReference = AC000003 /* TWNIShieldConfiguration.appex */;
			productType = "com.apple.product-type.app-extension";
		};
/* End PBXNativeTarget section */

/* Begin PBXProject section */
		B0000001 /* Project object */ = {
			isa = PBXProject;
			attributes = {
				BuildIndependentTargetsInParallel = 1;
				LastSwiftUpdateCheck = 1600;
				LastUpgradeCheck = 2620;
				TargetAttributes = {
					AF000001 = {
						CreatedOnToolsVersion = 16.0;
					};
					AF000004 = {
						CreatedOnToolsVersion = 16.0;
					};
					AF000007 = {
						CreatedOnToolsVersion = 16.0;
					};
				};
			};
			buildConfigurationList = B1000003 /* Build configuration list for PBXProject "TWNI" */;
			compatibilityVersion = "Xcode 14.0";
			developmentRegion = en;
			hasScannedForEncodings = 0;
			knownRegions = (
				en,
				Base,
			);
			mainGroup = AE000001;
			productRefGroup = AE000010 /* Products */;
			projectDirPath = "";
			projectRoot = "";
			targets = (
				AF000001 /* TWNI */,
				AF000004 /* TWNIDeviceActivityMonitor */,
				AF000007 /* TWNIShieldConfiguration */,
			);
		};
/* End PBXProject section */

/* Begin PBXResourcesBuildPhase section */
		AF000003 /* Resources */ = {
			isa = PBXResourcesBuildPhase;
			buildActionMask = 2147483647;
			files = (
				AA000018 /* Assets.xcassets in Resources */,
			);
			runOnlyForDeploymentPostprocessing = 0;
		};
		AF000006 /* Resources */ = {
			isa = PBXResourcesBuildPhase;
			buildActionMask = 2147483647;
			files = (
			);
			runOnlyForDeploymentPostprocessing = 0;
		};
		AF000009 /* Resources */ = {
			isa = PBXResourcesBuildPhase;
			buildActionMask = 2147483647;
			files = (
			);
			runOnlyForDeploymentPostprocessing = 0;
		};
/* End PBXResourcesBuildPhase section */

/* Begin PBXSourcesBuildPhase section */
		AF000002 /* Sources */ = {
			isa = PBXSourcesBuildPhase;
			buildActionMask = 2147483647;
			files = (
				AA000001 /* TWNIApp.swift in Sources */,
				AA000002 /* ContentView.swift in Sources */,
				AA000003 /* ScreenSession.swift in Sources */,
				AA000004 /* BreakRecord.swift in Sources */,
				AA000005 /* DailySummary.swift in Sources */,
				AA000006 /* TimerManager.swift in Sources */,
				AA000007 /* NotificationService.swift in Sources */,
				AA000008 /* ScreenTimeProtocol.swift in Sources */,
				AA000009 /* DashboardView.swift in Sources */,
				AA000019 /* AppBlockingService.swift in Sources */,
				AA000010 /* BreakOverlayView.swift in Sources */,
				AA000011 /* StatsView.swift in Sources */,
				AA000012 /* SettingsView.swift in Sources */,
				AA000013 /* iOSScreenTimeService.swift in Sources */,
				AA000014 /* MacActivityDetector.swift in Sources */,
				AA000015 /* MenuBarView.swift in Sources */,
				AA000016 /* MacScreenTimeReader.swift in Sources */,
				AA000017 /* TimeFormatting.swift in Sources */,
				AA000020 /* Color+Extensions.swift in Sources */,
				AA000021 /* MotionLinesView.swift in Sources */,
				AA000022 /* MonochromeCardModifier.swift in Sources */,
				AA000023 /* SharedConstants.swift in Sources */,
				AA000024 /* SharedDefaults.swift in Sources */,
				AA000025 /* ScheduleModels.swift in Sources */,
				AA000036 /* SchedulesView.swift in Sources */,
			);
			runOnlyForDeploymentPostprocessing = 0;
		};
		AF000005 /* Sources */ = {
			isa = PBXSourcesBuildPhase;
			buildActionMask = 2147483647;
			files = (
				AA000026 /* DeviceActivityMonitorExtension.swift in Sources */,
				AA000027 /* SharedConstants.swift in Sources */,
				AA000028 /* SharedDefaults.swift in Sources */,
				AA000029 /* ScheduleModels.swift in Sources */,
			);
			runOnlyForDeploymentPostprocessing = 0;
		};
		AF000008 /* Sources */ = {
			isa = PBXSourcesBuildPhase;
			buildActionMask = 2147483647;
			files = (
				AA000030 /* ShieldConfigurationExtension.swift in Sources */,
				AA000031 /* SharedConstants.swift in Sources */,
				AA000032 /* SharedDefaults.swift in Sources */,
				AA000033 /* ScheduleModels.swift in Sources */,
			);
			runOnlyForDeploymentPostprocessing = 0;
		};
/* End PBXSourcesBuildPhase section */

/* Begin PBXTargetDependency section */
		B4000001 /* PBXTargetDependency */ = {
			isa = PBXTargetDependency;
			target = AF000004 /* TWNIDeviceActivityMonitor */;
			targetProxy = B3000001 /* PBXContainerItemProxy */;
		};
		B4000002 /* PBXTargetDependency */ = {
			isa = PBXTargetDependency;
			target = AF000007 /* TWNIShieldConfiguration */;
			targetProxy = B3000002 /* PBXContainerItemProxy */;
		};
/* End PBXTargetDependency section */

/* Begin XCBuildConfiguration section */
		B2000001 /* Debug */ = {
			isa = XCBuildConfiguration;
			buildSettings = {
				ALWAYS_SEARCH_USER_PATHS = NO;
				ASSETCATALOG_COMPILER_GENERATE_SWIFT_ASSET_SYMBOL_EXTENSIONS = YES;
				CLANG_ANALYZER_NONNULL = YES;
				CLANG_ANALYZER_NUMBER_OBJECT_CONVERSION = YES_AGGRESSIVE;
				CLANG_CXX_LANGUAGE_STANDARD = "gnu++20";
				CLANG_ENABLE_MODULES = YES;
				CLANG_ENABLE_OBJC_ARC = YES;
				CLANG_ENABLE_OBJC_WEAK = YES;
				CLANG_WARN_BLOCK_CAPTURE_AUTORELEASING = YES;
				CLANG_WARN_BOOL_CONVERSION = YES;
				CLANG_WARN_COMMA = YES;
				CLANG_WARN_CONSTANT_CONVERSION = YES;
				CLANG_WARN_DEPRECATED_OBJC_IMPLEMENTATIONS = YES;
				CLANG_WARN_DIRECT_OBJC_ISA_USAGE = YES_ERROR;
				CLANG_WARN_DOCUMENTATION_COMMENTS = YES;
				CLANG_WARN_EMPTY_BODY = YES;
				CLANG_WARN_ENUM_CONVERSION = YES;
				CLANG_WARN_INFINITE_RECURSION = YES;
				CLANG_WARN_INT_CONVERSION = YES;
				CLANG_WARN_NON_LITERAL_NULL_CONVERSION = YES;
				CLANG_WARN_OBJC_IMPLICIT_RETAIN_SELF = YES;
				CLANG_WARN_OBJC_LITERAL_CONVERSION = YES;
				CLANG_WARN_OBJC_ROOT_CLASS = YES_ERROR;
				CLANG_WARN_QUOTED_INCLUDE_IN_FRAMEWORK_HEADER = YES;
				CLANG_WARN_RANGE_LOOP_ANALYSIS = YES;
				CLANG_WARN_STRICT_PROTOTYPES = YES;
				CLANG_WARN_SUSPICIOUS_MOVE = YES;
				CLANG_WARN_UNGUARDED_AVAILABILITY = YES_AGGRESSIVE;
				CLANG_WARN_UNREACHABLE_CODE = YES;
				CLANG_WARN__DUPLICATE_METHOD_MATCH = YES;
				COPY_PHASE_STRIP = NO;
				DEAD_CODE_STRIPPING = YES;
				DEBUG_INFORMATION_FORMAT = dwarf;
				ENABLE_STRICT_OBJC_MSGSEND = YES;
				ENABLE_TESTABILITY = YES;
				ENABLE_USER_SCRIPT_SANDBOXING = YES;
				GCC_C_LANGUAGE_STANDARD = gnu17;
				GCC_DYNAMIC_NO_PIC = NO;
				GCC_NO_COMMON_BLOCKS = YES;
				GCC_OPTIMIZATION_LEVEL = 0;
				GCC_PREPROCESSOR_DEFINITIONS = (
					"DEBUG=1",
					"$(inherited)",
				);
				GCC_WARN_64_TO_32_BIT_CONVERSION = YES;
				GCC_WARN_ABOUT_RETURN_TYPE = YES_ERROR;
				GCC_WARN_UNDECLARED_SELECTOR = YES;
				GCC_WARN_UNINITIALIZED_AUTOS = YES_AGGRESSIVE;
				GCC_WARN_UNUSED_FUNCTION = YES;
				GCC_WARN_UNUSED_VARIABLE = YES;
				LOCALIZATION_PREFERS_STRING_CATALOGS = YES;
				MTL_ENABLE_DEBUG_INFO = INCLUDE_SOURCE;
				MTL_FAST_MATH = YES;
				ONLY_ACTIVE_ARCH = YES;
				STRING_CATALOG_GENERATE_SYMBOLS = YES;
				SWIFT_ACTIVE_COMPILATION_CONDITIONS = "DEBUG $(inherited)";
				SWIFT_OPTIMIZATION_LEVEL = "-Onone";
				SWIFT_VERSION = 5.0;
			};
			name = Debug;
		};
		B2000002 /* Release */ = {
			isa = XCBuildConfiguration;
			buildSettings = {
				ALWAYS_SEARCH_USER_PATHS = NO;
				ASSETCATALOG_COMPILER_GENERATE_SWIFT_ASSET_SYMBOL_EXTENSIONS = YES;
				CLANG_ANALYZER_NONNULL = YES;
				CLANG_ANALYZER_NUMBER_OBJECT_CONVERSION = YES_AGGRESSIVE;
				CLANG_CXX_LANGUAGE_STANDARD = "gnu++20";
				CLANG_ENABLE_MODULES = YES;
				CLANG_ENABLE_OBJC_ARC = YES;
				CLANG_ENABLE_OBJC_WEAK = YES;
				CLANG_WARN_BLOCK_CAPTURE_AUTORELEASING = YES;
				CLANG_WARN_BOOL_CONVERSION = YES;
				CLANG_WARN_COMMA = YES;
				CLANG_WARN_CONSTANT_CONVERSION = YES;
				CLANG_WARN_DEPRECATED_OBJC_IMPLEMENTATIONS = YES;
				CLANG_WARN_DIRECT_OBJC_ISA_USAGE = YES_ERROR;
				CLANG_WARN_DOCUMENTATION_COMMENTS = YES;
				CLANG_WARN_EMPTY_BODY = YES;
				CLANG_WARN_ENUM_CONVERSION = YES;
				CLANG_WARN_INFINITE_RECURSION = YES;
				CLANG_WARN_INT_CONVERSION = YES;
				CLANG_WARN_NON_LITERAL_NULL_CONVERSION = YES;
				CLANG_WARN_OBJC_IMPLICIT_RETAIN_SELF = YES;
				CLANG_WARN_OBJC_LITERAL_CONVERSION = YES;
				CLANG_WARN_OBJC_ROOT_CLASS = YES_ERROR;
				CLANG_WARN_QUOTED_INCLUDE_IN_FRAMEWORK_HEADER = YES;
				CLANG_WARN_RANGE_LOOP_ANALYSIS = YES;
				CLANG_WARN_STRICT_PROTOTYPES = YES;
				CLANG_WARN_SUSPICIOUS_MOVE = YES;
				CLANG_WARN_UNGUARDED_AVAILABILITY = YES_AGGRESSIVE;
				CLANG_WARN_UNREACHABLE_CODE = YES;
				CLANG_WARN__DUPLICATE_METHOD_MATCH = YES;
				COPY_PHASE_STRIP = NO;
				DEAD_CODE_STRIPPING = YES;
				DEBUG_INFORMATION_FORMAT = "dwarf-with-dsym";
				ENABLE_NS_ASSERTIONS = NO;
				ENABLE_STRICT_OBJC_MSGSEND = YES;
				ENABLE_USER_SCRIPT_SANDBOXING = YES;
				GCC_C_LANGUAGE_STANDARD = gnu17;
				GCC_NO_COMMON_BLOCKS = YES;
				GCC_WARN_64_TO_32_BIT_CONVERSION = YES;
				GCC_WARN_ABOUT_RETURN_TYPE = YES_ERROR;
				GCC_WARN_UNDECLARED_SELECTOR = YES;
				GCC_WARN_UNINITIALIZED_AUTOS = YES_AGGRESSIVE;
				GCC_WARN_UNUSED_FUNCTION = YES;
				GCC_WARN_UNUSED_VARIABLE = YES;
				LOCALIZATION_PREFERS_STRING_CATALOGS = YES;
				MTL_ENABLE_DEBUG_INFO = NO;
				MTL_FAST_MATH = YES;
				STRING_CATALOG_GENERATE_SYMBOLS = YES;
				SWIFT_COMPILATION_MODE = wholemodule;
				SWIFT_VERSION = 5.0;
			};
			name = Release;
		};
		B2000003 /* Debug */ = {
			isa = XCBuildConfiguration;
			buildSettings = {
				ASSETCATALOG_COMPILER_APPICON_NAME = AppIcon;
				ASSETCATALOG_COMPILER_GLOBAL_ACCENT_COLOR_NAME = AccentColor;
				CODE_SIGN_ENTITLEMENTS = TWNI/TWNI.entitlements;
				CODE_SIGN_STYLE = Automatic;
				CURRENT_PROJECT_VERSION = 1;
				DEAD_CODE_STRIPPING = YES;
				DEVELOPMENT_TEAM = CX6Q34K8F6;
				ENABLE_HARDENED_RUNTIME = YES;
				GENERATE_INFOPLIST_FILE = YES;
				INFOPLIST_KEY_CFBundleDisplayName = TWNI;
				INFOPLIST_KEY_LSApplicationCategoryType = "public.app-category.healthcare-fitness";
				"INFOPLIST_KEY_UIApplicationSceneManifest_Generation[sdk=iphoneos*]" = YES;
				"INFOPLIST_KEY_UIApplicationSceneManifest_Generation[sdk=iphonesimulator*]" = YES;
				INFOPLIST_KEY_UIApplicationSupportsIndirectInputEvents = YES;
				INFOPLIST_KEY_UILaunchScreen_Generation = YES;
				INFOPLIST_KEY_UISupportedInterfaceOrientations_iPad = "UIInterfaceOrientationPortrait UIInterfaceOrientationPortraitUpsideDown UIInterfaceOrientationLandscapeLeft UIInterfaceOrientationLandscapeRight";
				INFOPLIST_KEY_UISupportedInterfaceOrientations_iPhone = "UIInterfaceOrientationPortrait UIInterfaceOrientationLandscapeLeft UIInterfaceOrientationLandscapeRight";
				IPHONEOS_DEPLOYMENT_TARGET = 18.0;
				LD_RUNPATH_SEARCH_PATHS = (
					"$(inherited)",
					"@executable_path/Frameworks",
				);
				"LD_RUNPATH_SEARCH_PATHS[sdk=macosx*]" = (
					"$(inherited)",
					"@executable_path/../Frameworks",
				);
				MACOSX_DEPLOYMENT_TARGET = 15.0;
				MARKETING_VERSION = 1.0;
				PRODUCT_BUNDLE_IDENTIFIER = com.twni.app;
				PRODUCT_NAME = "$(TARGET_NAME)";
				SDKROOT = auto;
				SUPPORTED_PLATFORMS = "iphoneos iphonesimulator macosx";
				SUPPORTS_MACCATALYST = NO;
				SWIFT_EMIT_LOC_STRINGS = YES;
				SWIFT_STRICT_CONCURRENCY = complete;
				SWIFT_VERSION = 5.0;
				TARGETED_DEVICE_FAMILY = "1,2";
			};
			name = Debug;
		};
		B2000004 /* Release */ = {
			isa = XCBuildConfiguration;
			buildSettings = {
				ASSETCATALOG_COMPILER_APPICON_NAME = AppIcon;
				ASSETCATALOG_COMPILER_GLOBAL_ACCENT_COLOR_NAME = AccentColor;
				CODE_SIGN_ENTITLEMENTS = TWNI/TWNI.entitlements;
				CODE_SIGN_STYLE = Automatic;
				CURRENT_PROJECT_VERSION = 1;
				DEAD_CODE_STRIPPING = YES;
				DEVELOPMENT_TEAM = CX6Q34K8F6;
				ENABLE_HARDENED_RUNTIME = YES;
				GENERATE_INFOPLIST_FILE = YES;
				INFOPLIST_KEY_CFBundleDisplayName = TWNI;
				INFOPLIST_KEY_LSApplicationCategoryType = "public.app-category.healthcare-fitness";
				"INFOPLIST_KEY_UIApplicationSceneManifest_Generation[sdk=iphoneos*]" = YES;
				"INFOPLIST_KEY_UIApplicationSceneManifest_Generation[sdk=iphonesimulator*]" = YES;
				INFOPLIST_KEY_UIApplicationSupportsIndirectInputEvents = YES;
				INFOPLIST_KEY_UILaunchScreen_Generation = YES;
				INFOPLIST_KEY_UISupportedInterfaceOrientations_iPad = "UIInterfaceOrientationPortrait UIInterfaceOrientationPortraitUpsideDown UIInterfaceOrientationLandscapeLeft UIInterfaceOrientationLandscapeRight";
				INFOPLIST_KEY_UISupportedInterfaceOrientations_iPhone = "UIInterfaceOrientationPortrait UIInterfaceOrientationLandscapeLeft UIInterfaceOrientationLandscapeRight";
				IPHONEOS_DEPLOYMENT_TARGET = 18.0;
				LD_RUNPATH_SEARCH_PATHS = (
					"$(inherited)",
					"@executable_path/Frameworks",
				);
				"LD_RUNPATH_SEARCH_PATHS[sdk=macosx*]" = (
					"$(inherited)",
					"@executable_path/../Frameworks",
				);
				MACOSX_DEPLOYMENT_TARGET = 15.0;
				MARKETING_VERSION = 1.0;
				PRODUCT_BUNDLE_IDENTIFIER = com.twni.app;
				PRODUCT_NAME = "$(TARGET_NAME)";
				SDKROOT = auto;
				SUPPORTED_PLATFORMS = "iphoneos iphonesimulator macosx";
				SUPPORTS_MACCATALYST = NO;
				SWIFT_EMIT_LOC_STRINGS = YES;
				SWIFT_STRICT_CONCURRENCY = complete;
				SWIFT_VERSION = 5.0;
				TARGETED_DEVICE_FAMILY = "1,2";
			};
			name = Release;
		};
		B2000005 /* Debug */ = {
			isa = XCBuildConfiguration;
			buildSettings = {
				CODE_SIGN_ENTITLEMENTS = TWNIDeviceActivityMonitor/TWNIDeviceActivityMonitor.entitlements;
				CODE_SIGN_STYLE = Automatic;
				CURRENT_PROJECT_VERSION = 1;
				DEVELOPMENT_TEAM = CX6Q34K8F6;
				GENERATE_INFOPLIST_FILE = YES;
				INFOPLIST_FILE = TWNIDeviceActivityMonitor/Info.plist;
				INFOPLIST_KEY_CFBundleDisplayName = TWNIDeviceActivityMonitor;
				INFOPLIST_KEY_NSHumanReadableCopyright = "";
				IPHONEOS_DEPLOYMENT_TARGET = 18.0;
				LD_RUNPATH_SEARCH_PATHS = (
					"$(inherited)",
					"@executable_path/Frameworks",
					"@executable_path/../../Frameworks",
				);
				MARKETING_VERSION = 1.0;
				PRODUCT_BUNDLE_IDENTIFIER = "com.twni.app.device-activity-monitor";
				PRODUCT_NAME = "$(TARGET_NAME)";
				SDKROOT = iphoneos;
				SKIP_INSTALL = YES;
				SUPPORTED_PLATFORMS = "iphoneos iphonesimulator";
				SWIFT_EMIT_LOC_STRINGS = YES;
				SWIFT_STRICT_CONCURRENCY = complete;
				SWIFT_VERSION = 5.0;
				TARGETED_DEVICE_FAMILY = "1,2";
			};
			name = Debug;
		};
		B2000006 /* Release */ = {
			isa = XCBuildConfiguration;
			buildSettings = {
				CODE_SIGN_ENTITLEMENTS = TWNIDeviceActivityMonitor/TWNIDeviceActivityMonitor.entitlements;
				CODE_SIGN_STYLE = Automatic;
				CURRENT_PROJECT_VERSION = 1;
				DEVELOPMENT_TEAM = CX6Q34K8F6;
				GENERATE_INFOPLIST_FILE = YES;
				INFOPLIST_FILE = TWNIDeviceActivityMonitor/Info.plist;
				INFOPLIST_KEY_CFBundleDisplayName = TWNIDeviceActivityMonitor;
				INFOPLIST_KEY_NSHumanReadableCopyright = "";
				IPHONEOS_DEPLOYMENT_TARGET = 18.0;
				LD_RUNPATH_SEARCH_PATHS = (
					"$(inherited)",
					"@executable_path/Frameworks",
					"@executable_path/../../Frameworks",
				);
				MARKETING_VERSION = 1.0;
				PRODUCT_BUNDLE_IDENTIFIER = "com.twni.app.device-activity-monitor";
				PRODUCT_NAME = "$(TARGET_NAME)";
				SDKROOT = iphoneos;
				SKIP_INSTALL = YES;
				SUPPORTED_PLATFORMS = "iphoneos iphonesimulator";
				SWIFT_EMIT_LOC_STRINGS = YES;
				SWIFT_STRICT_CONCURRENCY = complete;
				SWIFT_VERSION = 5.0;
				TARGETED_DEVICE_FAMILY = "1,2";
			};
			name = Release;
		};
		B2000007 /* Debug */ = {
			isa = XCBuildConfiguration;
			buildSettings = {
				CODE_SIGN_ENTITLEMENTS = TWNIShieldConfiguration/TWNIShieldConfiguration.entitlements;
				CODE_SIGN_STYLE = Automatic;
				CURRENT_PROJECT_VERSION = 1;
				DEVELOPMENT_TEAM = CX6Q34K8F6;
				GENERATE_INFOPLIST_FILE = YES;
				INFOPLIST_FILE = TWNIShieldConfiguration/Info.plist;
				INFOPLIST_KEY_CFBundleDisplayName = TWNIShieldConfiguration;
				INFOPLIST_KEY_NSHumanReadableCopyright = "";
				IPHONEOS_DEPLOYMENT_TARGET = 18.0;
				LD_RUNPATH_SEARCH_PATHS = (
					"$(inherited)",
					"@executable_path/Frameworks",
					"@executable_path/../../Frameworks",
				);
				MARKETING_VERSION = 1.0;
				PRODUCT_BUNDLE_IDENTIFIER = "com.twni.app.shield-configuration";
				PRODUCT_NAME = "$(TARGET_NAME)";
				SDKROOT = iphoneos;
				SKIP_INSTALL = YES;
				SUPPORTED_PLATFORMS = "iphoneos iphonesimulator";
				SWIFT_EMIT_LOC_STRINGS = YES;
				SWIFT_STRICT_CONCURRENCY = complete;
				SWIFT_VERSION = 5.0;
				TARGETED_DEVICE_FAMILY = "1,2";
			};
			name = Debug;
		};
		B2000008 /* Release */ = {
			isa = XCBuildConfiguration;
			buildSettings = {
				CODE_SIGN_ENTITLEMENTS = TWNIShieldConfiguration/TWNIShieldConfiguration.entitlements;
				CODE_SIGN_STYLE = Automatic;
				CURRENT_PROJECT_VERSION = 1;
				DEVELOPMENT_TEAM = CX6Q34K8F6;
				GENERATE_INFOPLIST_FILE = YES;
				INFOPLIST_FILE = TWNIShieldConfiguration/Info.plist;
				INFOPLIST_KEY_CFBundleDisplayName = TWNIShieldConfiguration;
				INFOPLIST_KEY_NSHumanReadableCopyright = "";
				IPHONEOS_DEPLOYMENT_TARGET = 18.0;
				LD_RUNPATH_SEARCH_PATHS = (
					"$(inherited)",
					"@executable_path/Frameworks",
					"@executable_path/../../Frameworks",
				);
				MARKETING_VERSION = 1.0;
				PRODUCT_BUNDLE_IDENTIFIER = "com.twni.app.shield-configuration";
				PRODUCT_NAME = "$(TARGET_NAME)";
				SDKROOT = iphoneos;
				SKIP_INSTALL = YES;
				SUPPORTED_PLATFORMS = "iphoneos iphonesimulator";
				SWIFT_EMIT_LOC_STRINGS = YES;
				SWIFT_STRICT_CONCURRENCY = complete;
				SWIFT_VERSION = 5.0;
				TARGETED_DEVICE_FAMILY = "1,2";
			};
			name = Release;
		};
/* End XCBuildConfiguration section */

/* Begin XCConfigurationList section */
		B1000001 /* Build configuration list for PBXNativeTarget "TWNI" */ = {
			isa = XCConfigurationList;
			buildConfigurations = (
				B2000003 /* Debug */,
				B2000004 /* Release */,
			);
			defaultConfigurationIsVisible = 0;
			defaultConfigurationName = Release;
		};
		B1000003 /* Build configuration list for PBXProject "TWNI" */ = {
			isa = XCConfigurationList;
			buildConfigurations = (
				B2000001 /* Debug */,
				B2000002 /* Release */,
			);
			defaultConfigurationIsVisible = 0;
			defaultConfigurationName = Release;
		};
		B1000004 /* Build configuration list for PBXNativeTarget "TWNIDeviceActivityMonitor" */ = {
			isa = XCConfigurationList;
			buildConfigurations = (
				B2000005 /* Debug */,
				B2000006 /* Release */,
			);
			defaultConfigurationIsVisible = 0;
			defaultConfigurationName = Release;
		};
		B1000005 /* Build configuration list for PBXNativeTarget "TWNIShieldConfiguration" */ = {
			isa = XCConfigurationList;
			buildConfigurations = (
				B2000007 /* Debug */,
				B2000008 /* Release */,
			);
			defaultConfigurationIsVisible = 0;
			defaultConfigurationName = Release;
		};
/* End XCConfigurationList section */
	};
	rootObject = B0000001 /* Project object */;
}
